
Microsoft Visual Studio Solution File, Format Version 12.00
# Visual Studio Version 16
VisualStudioVersion = 16.0.29102.190
MinimumVisualStudioVersion = 10.0.40219.1
Project("{FAE04EC0-301F-11D3-BF4B-00C04F79EFBC}") = "CropScan", "src\CropScan.csproj", "{04F6DF17-F239-4033-BAFC-56E63BDB3617}"
EndProject
Project("{FAE04EC0-301F-11D3-BF4B-00C04F79EFBC}") = "CropScan.UnitTests", "tests\CropScan.UnitTests.csproj", "{4218A3DA-152F-4224-84DD-5EB7EFFF13B5}"
EndProject
Project("{2150E333-8FDC-42A3-9474-1A3956D46DE8}") = "Misc", "Misc", "{9AE953B2-6E65-4F7B-B860-ED7316077EBE}"
	ProjectSection(SolutionItems) = preProject
		azure-pipelines.yml = azure-pipelines.yml
	EndProjectSection
EndProject
Global
	GlobalSection(SolutionConfigurationPlatforms) = preSolution
		Debug|Any CPU = Debug|Any CPU
		Release|Any CPU = Release|Any CPU
	EndGlobalSection
	GlobalSection(ProjectConfigurationPlatforms) = postSolution
		{04F6DF17-F239-4033-BAFC-56E63BDB3617}.Debug|Any CPU.ActiveCfg = Debug|Any CPU
		{04F6DF17-F239-4033-BAFC-56E63BDB3617}.Debug|Any CPU.Build.0 = Debug|Any CPU
		{04F6DF17-F239-4033-BAFC-56E63BDB3617}.Release|Any CPU.ActiveCfg = Release|Any CPU
		{04F6DF17-F239-4033-BAFC-56E63BDB3617}.Release|Any CPU.Build.0 = Release|Any CPU
		{4218A3DA-152F-4224-84DD-5EB7EFFF13B5}.Debug|Any CPU.ActiveCfg = Debug|Any CPU
		{4218A3DA-152F-4224-84DD-5EB7EFFF13B5}.Debug|Any CPU.Build.0 = Debug|Any CPU
		{4218A3DA-152F-4224-84DD-5EB7EFFF13B5}.Release|Any CPU.ActiveCfg = Release|Any CPU
		{4218A3DA-152F-4224-84DD-5EB7EFFF13B5}.Release|Any CPU.Build.0 = Release|Any CPU
	EndGlobalSection
	GlobalSection(SolutionProperties) = preSolution
		HideSolutionNode = FALSE
	EndGlobalSection
	GlobalSection(ExtensibilityGlobals) = postSolution
		SolutionGuid = {6DCE87FA-2821-4E98-9700-AAEA4D1BC863}
	EndGlobalSection
EndGlobal
