
Microsoft Visual Studio Solution File, Format Version 12.00
# Visual Studio 15
VisualStudioVersion = 15.0.26403.3
MinimumVisualStudioVersion = 10.0.40219.1
Project("{FAE04EC0-301F-11D3-BF4B-00C04F79EFBC}") = "CropScan", "src\CropScan.csproj", "{04F6DF17-F239-4033-BAFC-56E63BDB3617}"
EndProject
Project("{FAE04EC0-301F-11D3-BF4B-00C04F79EFBC}") = "CropScan.UnitTests", "tests\CropScan.UnitTests.csproj", "{4218A3DA-152F-4224-84DD-5EB7EFFF13B5}"
EndProject
Global
	GlobalSection(SolutionConfigurationPlatforms) = preSolution
		Debug|Any CPU = Debug|Any CPU
		Release|Any CPU = Release|Any CPU
	EndGlobalSection
	GlobalSection(ProjectConfigurationPlatforms) = postSolution
		{04F6DF17-F239-4033-BAFC-56E63BDB3617}.Debug|Any CPU.ActiveCfg = Debug|Any CPU
		{04F6DF17-F239-4033-BAFC-56E63BDB3617}.Debug|Any CPU.Build.0 = Debug|Any CPU
		{04F6DF17-F239-4033-BAFC-56E63BDB3617}.Release|Any CPU.ActiveCfg = Release|Any CPU
		{04F6DF17-F239-4033-BAFC-56E63BDB3617}.Release|Any CPU.Build.0 = Release|Any CPU
		{4218A3DA-152F-4224-84DD-5EB7EFFF13B5}.Debug|Any CPU.ActiveCfg = Debug|Any CPU
		{4218A3DA-152F-4224-84DD-5EB7EFFF13B5}.Debug|Any CPU.Build.0 = Debug|Any CPU
		{4218A3DA-152F-4224-84DD-5EB7EFFF13B5}.Release|Any CPU.ActiveCfg = Release|Any CPU
		{4218A3DA-152F-4224-84DD-5EB7EFFF13B5}.Release|Any CPU.Build.0 = Release|Any CPU
	EndGlobalSection
	GlobalSection(SolutionProperties) = preSolution
		HideSolutionNode = FALSE
	EndGlobalSection
EndGlobal
